
Microsoft Visual Studio Solution File, Format Version 12.00
# Visual Studio Version 16
VisualStudioVersion = 16.0.31105.61
MinimumVisualStudioVersion = 10.0.40219.1
Project("{FAE04EC0-301F-11D3-BF4B-00C04F79EFBC}") = "Loginpractice", "Loginpractice\Loginpractice.csproj", "{9B02F29D-F59B-4814-9C09-52E5736B1D1C}"
EndProject
Global
	GlobalSection(SolutionConfigurationPlatforms) = preSolution
		Debug|Any CPU = Debug|Any CPU
		Release|Any CPU = Release|Any CPU
	EndGlobalSection
	GlobalSection(ProjectConfigurationPlatforms) = postSolution
		{9B02F29D-F59B-4814-9C09-52E5736B1D1C}.Debug|Any CPU.ActiveCfg = Debug|Any CPU
		{9B02F29D-F59B-4814-9C09-52E5736B1D1C}.Debug|Any CPU.Build.0 = Debug|Any CPU
		{9B02F29D-F59B-4814-9C09-52E5736B1D1C}.Release|Any CPU.ActiveCfg = Release|Any CPU
		{9B02F29D-F59B-4814-9C09-52E5736B1D1C}.Release|Any CPU.Build.0 = Release|Any CPU
	EndGlobalSection
	GlobalSection(SolutionProperties) = preSolution
		HideSolutionNode = FALSE
	EndGlobalSection
	GlobalSection(ExtensibilityGlobals) = postSolution
		SolutionGuid = {2E113C01-8833-461E-A241-976E0719220C}
	EndGlobalSection
EndGlobal
